// !$*UTF8*$!
{
	archiveVersion = 1;
	classes = {
	};
	objectVersion = 46;
	objects = {

/* Begin PBXBuildFile section */
		0725E31519A255CE00BA0185 /* UIView+WebCacheOperation.m in Sources */ = {isa = PBXBuildFile; fileRef = 0725E31419A255CE00BA0185 /* UIView+WebCacheOperation.m */; };
		0725E31819A2562400BA0185 /* UIImageView+HighlightedWebCache.m in Sources */ = {isa = PBXBuildFile; fileRef = 0725E31719A2562400BA0185 /* UIImageView+HighlightedWebCache.m */; };
		074FF5AE182FB93400E032D0 /* ImageIO.framework in Frameworks */ = {isa = PBXBuildFile; fileRef = 074FF5AD182FB93400E032D0 /* ImageIO.framework */; };
		074FF5B0182FBDE900E032D0 /* placeholder.gif in Resources */ = {isa = PBXBuildFile; fileRef = 074FF5AF182FBDE900E032D0 /* placeholder.gif */; };
		074FF5D1182FC1E100E032D0 /* MKAnnotationView+WebCache.m in Sources */ = {isa = PBXBuildFile; fileRef = 074FF5B5182FC1E100E032D0 /* MKAnnotationView+WebCache.m */; };
		074FF5D2182FC1E100E032D0 /* NSData+GIF.m in Sources */ = {isa = PBXBuildFile; fileRef = 074FF5B7182FC1E100E032D0 /* NSData+GIF.m */; };
		074FF5D3182FC1E100E032D0 /* SDImageCache.m in Sources */ = {isa = PBXBuildFile; fileRef = 074FF5B9182FC1E100E032D0 /* SDImageCache.m */; };
		074FF5D4182FC1E100E032D0 /* SDWebImageCompat.m in Sources */ = {isa = PBXBuildFile; fileRef = 074FF5BB182FC1E100E032D0 /* SDWebImageCompat.m */; };
		074FF5D5182FC1E100E032D0 /* SDWebImageDecoder.m in Sources */ = {isa = PBXBuildFile; fileRef = 074FF5BD182FC1E100E032D0 /* SDWebImageDecoder.m */; };
		074FF5D6182FC1E100E032D0 /* SDWebImageDownloader.m in Sources */ = {isa = PBXBuildFile; fileRef = 074FF5BF182FC1E100E032D0 /* SDWebImageDownloader.m */; };
		074FF5D7182FC1E100E032D0 /* SDWebImageDownloaderOperation.m in Sources */ = {isa = PBXBuildFile; fileRef = 074FF5C1182FC1E100E032D0 /* SDWebImageDownloaderOperation.m */; };
		074FF5D8182FC1E100E032D0 /* SDWebImageManager.m in Sources */ = {isa = PBXBuildFile; fileRef = 074FF5C3182FC1E100E032D0 /* SDWebImageManager.m */; };
		074FF5D9182FC1E100E032D0 /* SDWebImagePrefetcher.m in Sources */ = {isa = PBXBuildFile; fileRef = 074FF5C6182FC1E100E032D0 /* SDWebImagePrefetcher.m */; };
		074FF5DA182FC1E100E032D0 /* UIButton+WebCache.m in Sources */ = {isa = PBXBuildFile; fileRef = 074FF5C8182FC1E100E032D0 /* UIButton+WebCache.m */; };
		074FF5DB182FC1E100E032D0 /* UIImage+GIF.m in Sources */ = {isa = PBXBuildFile; fileRef = 074FF5CA182FC1E100E032D0 /* UIImage+GIF.m */; };
		074FF5DC182FC1E100E032D0 /* UIImage+MultiFormat.m in Sources */ = {isa = PBXBuildFile; fileRef = 074FF5CC182FC1E100E032D0 /* UIImage+MultiFormat.m */; };
		074FF5DD182FC1E100E032D0 /* UIImage+WebP.m in Sources */ = {isa = PBXBuildFile; fileRef = 074FF5CE182FC1E100E032D0 /* UIImage+WebP.m */; };
		074FF5DE182FC1E100E032D0 /* UIImageView+WebCache.m in Sources */ = {isa = PBXBuildFile; fileRef = 074FF5D0182FC1E100E032D0 /* UIImageView+WebCache.m */; };
		074FF5E2182FD05700E032D0 /* HistoryViewController.m in Sources */ = {isa = PBXBuildFile; fileRef = 074FF5E1182FD05700E032D0 /* HistoryViewController.m */; };
		076D2D4B18351C8C00271DDC /* map-icon_32x32px.png in Resources */ = {isa = PBXBuildFile; fileRef = 076D2D4A18351C8C00271DDC /* map-icon_32x32px.png */; };
		076D2D4D18351CBB00271DDC /* search-icon_32x32px.png in Resources */ = {isa = PBXBuildFile; fileRef = 076D2D4C18351CBB00271DDC /* search-icon_32x32px.png */; };
		076D2D4F18351D6F00271DDC /* database-icon_32x32px.png in Resources */ = {isa = PBXBuildFile; fileRef = 076D2D4E18351D6F00271DDC /* database-icon_32x32px.png */; };
		076D2D5118351F1900271DDC /* settings-02-icon_32x32px.png in Resources */ = {isa = PBXBuildFile; fileRef = 076D2D5018351F1900271DDC /* settings-02-icon_32x32px.png */; };
		0792D81019A4EBCE0052D326 /* NSData+ImageContentType.m in Sources */ = {isa = PBXBuildFile; fileRef = 0792D80E19A4EBCE0052D326 /* NSData+ImageContentType.m */; };
		07F87956182BE1BC00307148 /* MapViewController.m in Sources */ = {isa = PBXBuildFile; fileRef = 07F87955182BE1BC00307148 /* MapViewController.m */; };
		267F9EDF182CD57C00A4AF38 /* CustomAnnotation.m in Sources */ = {isa = PBXBuildFile; fileRef = 267F9EDE182CD57C00A4AF38 /* CustomAnnotation.m */; };
		267F9EE2182CF19A00A4AF38 /* StationViewController.m in Sources */ = {isa = PBXBuildFile; fileRef = 267F9EE1182CF19A00A4AF38 /* StationViewController.m */; };
		26996F0C199DF6ED0069C94F /* Station.plist in Resources */ = {isa = PBXBuildFile; fileRef = 26996F0B199DF6ED0069C94F /* Station.plist */; };
		26996F3D199DF9CB0069C94F /* Main.storyboard in Resources */ = {isa = PBXBuildFile; fileRef = 26A15E031828AB0700A8B098 /* Main.storyboard */; };
		26A15DF21828AB0700A8B098 /* Foundation.framework in Frameworks */ = {isa = PBXBuildFile; fileRef = 26A15DF11828AB0700A8B098 /* Foundation.framework */; };
		26A15DF41828AB0700A8B098 /* CoreGraphics.framework in Frameworks */ = {isa = PBXBuildFile; fileRef = 26A15DF31828AB0700A8B098 /* CoreGraphics.framework */; };
		26A15DF61828AB0700A8B098 /* UIKit.framework in Frameworks */ = {isa = PBXBuildFile; fileRef = 26A15DF51828AB0700A8B098 /* UIKit.framework */; };
		26A15DFC1828AB0700A8B098 /* InfoPlist.strings in Resources */ = {isa = PBXBuildFile; fileRef = 26A15DFA1828AB0700A8B098 /* InfoPlist.strings */; };
		26A15DFE1828AB0700A8B098 /* main.m in Sources */ = {isa = PBXBuildFile; fileRef = 26A15DFD1828AB0700A8B098 /* main.m */; };
		26A15E021828AB0700A8B098 /* AppDelegate.m in Sources */ = {isa = PBXBuildFile; fileRef = 26A15E011828AB0700A8B098 /* AppDelegate.m */; };
		26A15E081828AB0700A8B098 /* FirstViewController.m in Sources */ = {isa = PBXBuildFile; fileRef = 26A15E071828AB0700A8B098 /* FirstViewController.m */; };
		26A15E0B1828AB0700A8B098 /* SecondViewController.m in Sources */ = {isa = PBXBuildFile; fileRef = 26A15E0A1828AB0700A8B098 /* SecondViewController.m */; };
		26A15E0D1828AB0700A8B098 /* Images.xcassets in Resources */ = {isa = PBXBuildFile; fileRef = 26A15E0C1828AB0700A8B098 /* Images.xcassets */; };
		26A15E141828AB0700A8B098 /* XCTest.framework in Frameworks */ = {isa = PBXBuildFile; fileRef = 26A15E131828AB0700A8B098 /* XCTest.framework */; };
		26A15E151828AB0700A8B098 /* Foundation.framework in Frameworks */ = {isa = PBXBuildFile; fileRef = 26A15DF11828AB0700A8B098 /* Foundation.framework */; };
		26A15E161828AB0700A8B098 /* UIKit.framework in Frameworks */ = {isa = PBXBuildFile; fileRef = 26A15DF51828AB0700A8B098 /* UIKit.framework */; };
		26A15E1E1828AB0700A8B098 /* InfoPlist.strings in Resources */ = {isa = PBXBuildFile; fileRef = 26A15E1C1828AB0700A8B098 /* InfoPlist.strings */; };
		26A15E201828AB0700A8B098 /* EkitsuiTests.m in Sources */ = {isa = PBXBuildFile; fileRef = 26A15E1F1828AB0700A8B098 /* EkitsuiTests.m */; };
		26A15E2A1828AB9E00A8B098 /* Social.framework in Frameworks */ = {isa = PBXBuildFile; fileRef = 26A15E291828AB9E00A8B098 /* Social.framework */; };
		26A15E2C1828BDCC00A8B098 /* Accounts.framework in Frameworks */ = {isa = PBXBuildFile; fileRef = 26A15E2B1828BDCC00A8B098 /* Accounts.framework */; };
		26A15E2F1828D81000A8B098 /* TwitterViewController.m in Sources */ = {isa = PBXBuildFile; fileRef = 26A15E2E1828D81000A8B098 /* TwitterViewController.m */; };
/* End PBXBuildFile section */

/* Begin PBXContainerItemProxy section */
		26A15E171828AB0700A8B098 /* PBXContainerItemProxy */ = {
			isa = PBXContainerItemProxy;
			containerPortal = 26A15DE61828AB0700A8B098 /* Project object */;
			proxyType = 1;
			remoteGlobalIDString = 26A15DED1828AB0700A8B098;
			remoteInfo = TestTwitter;
		};
/* End PBXContainerItemProxy section */

/* Begin PBXFileReference section */
		07041D81182A9F4C00DFCB64 /* CoreLocation.framework */ = {isa = PBXFileReference; lastKnownFileType = wrapper.framework; name = CoreLocation.framework; path = System/Library/Frameworks/CoreLocation.framework; sourceTree = SDKROOT; };
		07041D83182A9F5800DFCB64 /* MapKit.framework */ = {isa = PBXFileReference; lastKnownFileType = wrapper.framework; name = MapKit.framework; path = System/Library/Frameworks/MapKit.framework; sourceTree = SDKROOT; };
		0725E31319A255CE00BA0185 /* UIView+WebCacheOperation.h */ = {isa = PBXFileReference; fileEncoding = 4; lastKnownFileType = sourcecode.c.h; path = "UIView+WebCacheOperation.h"; sourceTree = "<group>"; };
		0725E31419A255CE00BA0185 /* UIView+WebCacheOperation.m */ = {isa = PBXFileReference; fileEncoding = 4; lastKnownFileType = sourcecode.c.objc; path = "UIView+WebCacheOperation.m"; sourceTree = "<group>"; };
		0725E31619A2562400BA0185 /* UIImageView+HighlightedWebCache.h */ = {isa = PBXFileReference; fileEncoding = 4; lastKnownFileType = sourcecode.c.h; path = "UIImageView+HighlightedWebCache.h"; sourceTree = "<group>"; };
		0725E31719A2562400BA0185 /* UIImageView+HighlightedWebCache.m */ = {isa = PBXFileReference; fileEncoding = 4; lastKnownFileType = sourcecode.c.objc; path = "UIImageView+HighlightedWebCache.m"; sourceTree = "<group>"; };
		074FF5AD182FB93400E032D0 /* ImageIO.framework */ = {isa = PBXFileReference; lastKnownFileType = wrapper.framework; name = ImageIO.framework; path = System/Library/Frameworks/ImageIO.framework; sourceTree = SDKROOT; };
		074FF5AF182FBDE900E032D0 /* placeholder.gif */ = {isa = PBXFileReference; lastKnownFileType = image.gif; path = placeholder.gif; sourceTree = "<group>"; };
		074FF5B4182FC1E100E032D0 /* MKAnnotationView+WebCache.h */ = {isa = PBXFileReference; fileEncoding = 4; lastKnownFileType = sourcecode.c.h; path = "MKAnnotationView+WebCache.h"; sourceTree = "<group>"; };
		074FF5B5182FC1E100E032D0 /* MKAnnotationView+WebCache.m */ = {isa = PBXFileReference; fileEncoding = 4; lastKnownFileType = sourcecode.c.objc; path = "MKAnnotationView+WebCache.m"; sourceTree = "<group>"; };
		074FF5B6182FC1E100E032D0 /* NSData+GIF.h */ = {isa = PBXFileReference; fileEncoding = 4; lastKnownFileType = sourcecode.c.h; path = "NSData+GIF.h"; sourceTree = "<group>"; };
		074FF5B7182FC1E100E032D0 /* NSData+GIF.m */ = {isa = PBXFileReference; fileEncoding = 4; lastKnownFileType = sourcecode.c.objc; path = "NSData+GIF.m"; sourceTree = "<group>"; };
		074FF5B8182FC1E100E032D0 /* SDImageCache.h */ = {isa = PBXFileReference; fileEncoding = 4; lastKnownFileType = sourcecode.c.h; path = SDImageCache.h; sourceTree = "<group>"; };
		074FF5B9182FC1E100E032D0 /* SDImageCache.m */ = {isa = PBXFileReference; fileEncoding = 4; lastKnownFileType = sourcecode.c.objc; path = SDImageCache.m; sourceTree = "<group>"; };
		074FF5BA182FC1E100E032D0 /* SDWebImageCompat.h */ = {isa = PBXFileReference; fileEncoding = 4; lastKnownFileType = sourcecode.c.h; path = SDWebImageCompat.h; sourceTree = "<group>"; };
		074FF5BB182FC1E100E032D0 /* SDWebImageCompat.m */ = {isa = PBXFileReference; fileEncoding = 4; lastKnownFileType = sourcecode.c.objc; path = SDWebImageCompat.m; sourceTree = "<group>"; };
		074FF5BC182FC1E100E032D0 /* SDWebImageDecoder.h */ = {isa = PBXFileReference; fileEncoding = 4; lastKnownFileType = sourcecode.c.h; path = SDWebImageDecoder.h; sourceTree = "<group>"; };
		074FF5BD182FC1E100E032D0 /* SDWebImageDecoder.m */ = {isa = PBXFileReference; fileEncoding = 4; lastKnownFileType = sourcecode.c.objc; path = SDWebImageDecoder.m; sourceTree = "<group>"; };
		074FF5BE182FC1E100E032D0 /* SDWebImageDownloader.h */ = {isa = PBXFileReference; fileEncoding = 4; lastKnownFileType = sourcecode.c.h; path = SDWebImageDownloader.h; sourceTree = "<group>"; };
		074FF5BF182FC1E100E032D0 /* SDWebImageDownloader.m */ = {isa = PBXFileReference; fileEncoding = 4; lastKnownFileType = sourcecode.c.objc; path = SDWebImageDownloader.m; sourceTree = "<group>"; };
		074FF5C0182FC1E100E032D0 /* SDWebImageDownloaderOperation.h */ = {isa = PBXFileReference; fileEncoding = 4; lastKnownFileType = sourcecode.c.h; path = SDWebImageDownloaderOperation.h; sourceTree = "<group>"; };
		074FF5C1182FC1E100E032D0 /* SDWebImageDownloaderOperation.m */ = {isa = PBXFileReference; fileEncoding = 4; lastKnownFileType = sourcecode.c.objc; path = SDWebImageDownloaderOperation.m; sourceTree = "<group>"; };
		074FF5C2182FC1E100E032D0 /* SDWebImageManager.h */ = {isa = PBXFileReference; fileEncoding = 4; lastKnownFileType = sourcecode.c.h; path = SDWebImageManager.h; sourceTree = "<group>"; };
		074FF5C3182FC1E100E032D0 /* SDWebImageManager.m */ = {isa = PBXFileReference; fileEncoding = 4; lastKnownFileType = sourcecode.c.objc; path = SDWebImageManager.m; sourceTree = "<group>"; };
		074FF5C4182FC1E100E032D0 /* SDWebImageOperation.h */ = {isa = PBXFileReference; fileEncoding = 4; lastKnownFileType = sourcecode.c.h; path = SDWebImageOperation.h; sourceTree = "<group>"; };
		074FF5C5182FC1E100E032D0 /* SDWebImagePrefetcher.h */ = {isa = PBXFileReference; fileEncoding = 4; lastKnownFileType = sourcecode.c.h; path = SDWebImagePrefetcher.h; sourceTree = "<group>"; };
		074FF5C6182FC1E100E032D0 /* SDWebImagePrefetcher.m */ = {isa = PBXFileReference; fileEncoding = 4; lastKnownFileType = sourcecode.c.objc; path = SDWebImagePrefetcher.m; sourceTree = "<group>"; };
		074FF5C7182FC1E100E032D0 /* UIButton+WebCache.h */ = {isa = PBXFileReference; fileEncoding = 4; lastKnownFileType = sourcecode.c.h; path = "UIButton+WebCache.h"; sourceTree = "<group>"; };
		074FF5C8182FC1E100E032D0 /* UIButton+WebCache.m */ = {isa = PBXFileReference; fileEncoding = 4; lastKnownFileType = sourcecode.c.objc; path = "UIButton+WebCache.m"; sourceTree = "<group>"; };
		074FF5C9182FC1E100E032D0 /* UIImage+GIF.h */ = {isa = PBXFileReference; fileEncoding = 4; lastKnownFileType = sourcecode.c.h; path = "UIImage+GIF.h"; sourceTree = "<group>"; };
		074FF5CA182FC1E100E032D0 /* UIImage+GIF.m */ = {isa = PBXFileReference; fileEncoding = 4; lastKnownFileType = sourcecode.c.objc; path = "UIImage+GIF.m"; sourceTree = "<group>"; };
		074FF5CB182FC1E100E032D0 /* UIImage+MultiFormat.h */ = {isa = PBXFileReference; fileEncoding = 4; lastKnownFileType = sourcecode.c.h; path = "UIImage+MultiFormat.h"; sourceTree = "<group>"; };
		074FF5CC182FC1E100E032D0 /* UIImage+MultiFormat.m */ = {isa = PBXFileReference; fileEncoding = 4; lastKnownFileType = sourcecode.c.objc; path = "UIImage+MultiFormat.m"; sourceTree = "<group>"; };
		074FF5CD182FC1E100E032D0 /* UIImage+WebP.h */ = {isa = PBXFileReference; fileEncoding = 4; lastKnownFileType = sourcecode.c.h; path = "UIImage+WebP.h"; sourceTree = "<group>"; };
		074FF5CE182FC1E100E032D0 /* UIImage+WebP.m */ = {isa = PBXFileReference; fileEncoding = 4; lastKnownFileType = sourcecode.c.objc; path = "UIImage+WebP.m"; sourceTree = "<group>"; };
		074FF5CF182FC1E100E032D0 /* UIImageView+WebCache.h */ = {isa = PBXFileReference; fileEncoding = 4; lastKnownFileType = sourcecode.c.h; path = "UIImageView+WebCache.h"; sourceTree = "<group>"; };
		074FF5D0182FC1E100E032D0 /* UIImageView+WebCache.m */ = {isa = PBXFileReference; fileEncoding = 4; lastKnownFileType = sourcecode.c.objc; path = "UIImageView+WebCache.m"; sourceTree = "<group>"; };
		074FF5DF182FCA5500E032D0 /* Define.h */ = {isa = PBXFileReference; lastKnownFileType = sourcecode.c.h; path = Define.h; sourceTree = "<group>"; };
		074FF5E0182FD05700E032D0 /* HistoryViewController.h */ = {isa = PBXFileReference; fileEncoding = 4; lastKnownFileType = sourcecode.c.h; path = HistoryViewController.h; sourceTree = "<group>"; };
		074FF5E1182FD05700E032D0 /* HistoryViewController.m */ = {isa = PBXFileReference; fileEncoding = 4; lastKnownFileType = sourcecode.c.objc; path = HistoryViewController.m; sourceTree = "<group>"; };
		076D2D4A18351C8C00271DDC /* map-icon_32x32px.png */ = {isa = PBXFileReference; lastKnownFileType = image.png; path = "map-icon_32x32px.png"; sourceTree = "<group>"; };
		076D2D4C18351CBB00271DDC /* search-icon_32x32px.png */ = {isa = PBXFileReference; lastKnownFileType = image.png; path = "search-icon_32x32px.png"; sourceTree = "<group>"; };
		076D2D4E18351D6F00271DDC /* database-icon_32x32px.png */ = {isa = PBXFileReference; lastKnownFileType = image.png; path = "database-icon_32x32px.png"; sourceTree = "<group>"; };
		076D2D5018351F1900271DDC /* settings-02-icon_32x32px.png */ = {isa = PBXFileReference; lastKnownFileType = image.png; path = "settings-02-icon_32x32px.png"; sourceTree = "<group>"; };
		0792D80E19A4EBCE0052D326 /* NSData+ImageContentType.m */ = {isa = PBXFileReference; fileEncoding = 4; lastKnownFileType = sourcecode.c.objc; path = "NSData+ImageContentType.m"; sourceTree = "<group>"; };
		0792D80F19A4EBCE0052D326 /* NSData+ImageContentType.h */ = {isa = PBXFileReference; fileEncoding = 4; lastKnownFileType = sourcecode.c.h; path = "NSData+ImageContentType.h"; sourceTree = "<group>"; };
		07F87954182BE1BC00307148 /* MapViewController.h */ = {isa = PBXFileReference; fileEncoding = 4; lastKnownFileType = sourcecode.c.h; path = MapViewController.h; sourceTree = "<group>"; };
		07F87955182BE1BC00307148 /* MapViewController.m */ = {isa = PBXFileReference; fileEncoding = 4; lastKnownFileType = sourcecode.c.objc; path = MapViewController.m; sourceTree = "<group>"; };
		267F9EDD182CD57C00A4AF38 /* CustomAnnotation.h */ = {isa = PBXFileReference; fileEncoding = 4; lastKnownFileType = sourcecode.c.h; path = CustomAnnotation.h; sourceTree = "<group>"; };
		267F9EDE182CD57C00A4AF38 /* CustomAnnotation.m */ = {isa = PBXFileReference; fileEncoding = 4; lastKnownFileType = sourcecode.c.objc; path = CustomAnnotation.m; sourceTree = "<group>"; };
		267F9EE0182CF19A00A4AF38 /* StationViewController.h */ = {isa = PBXFileReference; fileEncoding = 4; lastKnownFileType = sourcecode.c.h; path = StationViewController.h; sourceTree = "<group>"; };
		267F9EE1182CF19A00A4AF38 /* StationViewController.m */ = {isa = PBXFileReference; fileEncoding = 4; lastKnownFileType = sourcecode.c.objc; path = StationViewController.m; sourceTree = "<group>"; };
		26996F0B199DF6ED0069C94F /* Station.plist */ = {isa = PBXFileReference; lastKnownFileType = text.plist; path = Station.plist; sourceTree = "<group>"; };
		26996F3E199DF9FC0069C94F /* Base */ = {isa = PBXFileReference; lastKnownFileType = text.plist.strings; name = Base; path = Base.lproj/InfoPlist.strings; sourceTree = "<group>"; };
		26A15DEE1828AB0700A8B098 /* EKITSUI.app */ = {isa = PBXFileReference; explicitFileType = wrapper.application; includeInIndex = 0; path = EKITSUI.app; sourceTree = BUILT_PRODUCTS_DIR; };
		26A15DF11828AB0700A8B098 /* Foundation.framework */ = {isa = PBXFileReference; lastKnownFileType = wrapper.framework; name = Foundation.framework; path = System/Library/Frameworks/Foundation.framework; sourceTree = SDKROOT; };
		26A15DF31828AB0700A8B098 /* CoreGraphics.framework */ = {isa = PBXFileReference; lastKnownFileType = wrapper.framework; name = CoreGraphics.framework; path = System/Library/Frameworks/CoreGraphics.framework; sourceTree = SDKROOT; };
		26A15DF51828AB0700A8B098 /* UIKit.framework */ = {isa = PBXFileReference; lastKnownFileType = wrapper.framework; name = UIKit.framework; path = System/Library/Frameworks/UIKit.framework; sourceTree = SDKROOT; };
		26A15DF91828AB0700A8B098 /* Ekitsui-Info.plist */ = {isa = PBXFileReference; lastKnownFileType = text.plist.xml; path = "Ekitsui-Info.plist"; sourceTree = "<group>"; };
		26A15DFB1828AB0700A8B098 /* en */ = {isa = PBXFileReference; lastKnownFileType = text.plist.strings; name = en; path = en.lproj/InfoPlist.strings; sourceTree = "<group>"; };
		26A15DFD1828AB0700A8B098 /* main.m */ = {isa = PBXFileReference; lastKnownFileType = sourcecode.c.objc; path = main.m; sourceTree = "<group>"; };
		26A15DFF1828AB0700A8B098 /* Ekitsui-Prefix.pch */ = {isa = PBXFileReference; lastKnownFileType = sourcecode.c.h; path = "Ekitsui-Prefix.pch"; sourceTree = "<group>"; };
		26A15E001828AB0700A8B098 /* AppDelegate.h */ = {isa = PBXFileReference; lastKnownFileType = sourcecode.c.h; path = AppDelegate.h; sourceTree = "<group>"; };
		26A15E011828AB0700A8B098 /* AppDelegate.m */ = {isa = PBXFileReference; lastKnownFileType = sourcecode.c.objc; path = AppDelegate.m; sourceTree = "<group>"; };
		26A15E041828AB0700A8B098 /* Base */ = {isa = PBXFileReference; lastKnownFileType = file.storyboard; name = Base; path = Base.lproj/Main.storyboard; sourceTree = "<group>"; };
		26A15E061828AB0700A8B098 /* FirstViewController.h */ = {isa = PBXFileReference; lastKnownFileType = sourcecode.c.h; path = FirstViewController.h; sourceTree = "<group>"; };
		26A15E071828AB0700A8B098 /* FirstViewController.m */ = {isa = PBXFileReference; lastKnownFileType = sourcecode.c.objc; path = FirstViewController.m; sourceTree = "<group>"; };
		26A15E091828AB0700A8B098 /* SecondViewController.h */ = {isa = PBXFileReference; lastKnownFileType = sourcecode.c.h; path = SecondViewController.h; sourceTree = "<group>"; };
		26A15E0A1828AB0700A8B098 /* SecondViewController.m */ = {isa = PBXFileReference; lastKnownFileType = sourcecode.c.objc; path = SecondViewController.m; sourceTree = "<group>"; };
		26A15E0C1828AB0700A8B098 /* Images.xcassets */ = {isa = PBXFileReference; lastKnownFileType = folder.assetcatalog; path = Images.xcassets; sourceTree = "<group>"; };
		26A15E121828AB0700A8B098 /* EkitsuiTests.xctest */ = {isa = PBXFileReference; explicitFileType = wrapper.cfbundle; includeInIndex = 0; path = EkitsuiTests.xctest; sourceTree = BUILT_PRODUCTS_DIR; };
		26A15E131828AB0700A8B098 /* XCTest.framework */ = {isa = PBXFileReference; lastKnownFileType = wrapper.framework; name = XCTest.framework; path = Library/Frameworks/XCTest.framework; sourceTree = DEVELOPER_DIR; };
		26A15E1B1828AB0700A8B098 /* EkitsuiTests-Info.plist */ = {isa = PBXFileReference; lastKnownFileType = text.plist.xml; path = "EkitsuiTests-Info.plist"; sourceTree = "<group>"; };
		26A15E1D1828AB0700A8B098 /* en */ = {isa = PBXFileReference; lastKnownFileType = text.plist.strings; name = en; path = en.lproj/InfoPlist.strings; sourceTree = "<group>"; };
		26A15E1F1828AB0700A8B098 /* EkitsuiTests.m */ = {isa = PBXFileReference; lastKnownFileType = sourcecode.c.objc; path = EkitsuiTests.m; sourceTree = "<group>"; };
		26A15E291828AB9E00A8B098 /* Social.framework */ = {isa = PBXFileReference; lastKnownFileType = wrapper.framework; name = Social.framework; path = System/Library/Frameworks/Social.framework; sourceTree = SDKROOT; };
		26A15E2B1828BDCC00A8B098 /* Accounts.framework */ = {isa = PBXFileReference; lastKnownFileType = wrapper.framework; name = Accounts.framework; path = System/Library/Frameworks/Accounts.framework; sourceTree = SDKROOT; };
		26A15E2D1828D81000A8B098 /* TwitterViewController.h */ = {isa = PBXFileReference; fileEncoding = 4; lastKnownFileType = sourcecode.c.h; path = TwitterViewController.h; sourceTree = "<group>"; };
		26A15E2E1828D81000A8B098 /* TwitterViewController.m */ = {isa = PBXFileReference; fileEncoding = 4; lastKnownFileType = sourcecode.c.objc; path = TwitterViewController.m; sourceTree = "<group>"; };
/* End PBXFileReference section */

/* Begin PBXFrameworksBuildPhase section */
		26A15DEB1828AB0700A8B098 /* Frameworks */ = {
			isa = PBXFrameworksBuildPhase;
			buildActionMask = 2147483647;
			files = (
				074FF5AE182FB93400E032D0 /* ImageIO.framework in Frameworks */,
				26A15DF41828AB0700A8B098 /* CoreGraphics.framework in Frameworks */,
				26A15E2C1828BDCC00A8B098 /* Accounts.framework in Frameworks */,
				26A15E2A1828AB9E00A8B098 /* Social.framework in Frameworks */,
				26A15DF61828AB0700A8B098 /* UIKit.framework in Frameworks */,
				26A15DF21828AB0700A8B098 /* Foundation.framework in Frameworks */,
			);
			runOnlyForDeploymentPostprocessing = 0;
		};
		26A15E0F1828AB0700A8B098 /* Frameworks */ = {
			isa = PBXFrameworksBuildPhase;
			buildActionMask = 2147483647;
			files = (
				26A15E141828AB0700A8B098 /* XCTest.framework in Frameworks */,
				26A15E161828AB0700A8B098 /* UIKit.framework in Frameworks */,
				26A15E151828AB0700A8B098 /* Foundation.framework in Frameworks */,
			);
			runOnlyForDeploymentPostprocessing = 0;
		};
/* End PBXFrameworksBuildPhase section */

/* Begin PBXGroup section */
		074FF5B3182FC1E100E032D0 /* SDWebImage */ = {
			isa = PBXGroup;
			children = (
				0792D80E19A4EBCE0052D326 /* NSData+ImageContentType.m */,
				0792D80F19A4EBCE0052D326 /* NSData+ImageContentType.h */,
				074FF5B4182FC1E100E032D0 /* MKAnnotationView+WebCache.h */,
				074FF5B5182FC1E100E032D0 /* MKAnnotationView+WebCache.m */,
				074FF5B6182FC1E100E032D0 /* NSData+GIF.h */,
				074FF5B7182FC1E100E032D0 /* NSData+GIF.m */,
				074FF5B8182FC1E100E032D0 /* SDImageCache.h */,
				074FF5B9182FC1E100E032D0 /* SDImageCache.m */,
				074FF5BA182FC1E100E032D0 /* SDWebImageCompat.h */,
				074FF5BB182FC1E100E032D0 /* SDWebImageCompat.m */,
				074FF5BC182FC1E100E032D0 /* SDWebImageDecoder.h */,
				074FF5BD182FC1E100E032D0 /* SDWebImageDecoder.m */,
				074FF5BE182FC1E100E032D0 /* SDWebImageDownloader.h */,
				074FF5BF182FC1E100E032D0 /* SDWebImageDownloader.m */,
				074FF5C0182FC1E100E032D0 /* SDWebImageDownloaderOperation.h */,
				074FF5C1182FC1E100E032D0 /* SDWebImageDownloaderOperation.m */,
				074FF5C2182FC1E100E032D0 /* SDWebImageManager.h */,
				074FF5C3182FC1E100E032D0 /* SDWebImageManager.m */,
				074FF5C4182FC1E100E032D0 /* SDWebImageOperation.h */,
				074FF5C5182FC1E100E032D0 /* SDWebImagePrefetcher.h */,
				074FF5C6182FC1E100E032D0 /* SDWebImagePrefetcher.m */,
				074FF5C7182FC1E100E032D0 /* UIButton+WebCache.h */,
				074FF5C8182FC1E100E032D0 /* UIButton+WebCache.m */,
				074FF5C9182FC1E100E032D0 /* UIImage+GIF.h */,
				074FF5CA182FC1E100E032D0 /* UIImage+GIF.m */,
				074FF5CB182FC1E100E032D0 /* UIImage+MultiFormat.h */,
				074FF5CC182FC1E100E032D0 /* UIImage+MultiFormat.m */,
				074FF5CD182FC1E100E032D0 /* UIImage+WebP.h */,
				074FF5CE182FC1E100E032D0 /* UIImage+WebP.m */,
				074FF5CF182FC1E100E032D0 /* UIImageView+WebCache.h */,
				074FF5D0182FC1E100E032D0 /* UIImageView+WebCache.m */,
				0725E31619A2562400BA0185 /* UIImageView+HighlightedWebCache.h */,
				0725E31719A2562400BA0185 /* UIImageView+HighlightedWebCache.m */,
				0725E31319A255CE00BA0185 /* UIView+WebCacheOperation.h */,
				0725E31419A255CE00BA0185 /* UIView+WebCacheOperation.m */,
			);
			path = SDWebImage;
			sourceTree = "<group>";
		};
		26A15DE51828AB0700A8B098 = {
			isa = PBXGroup;
			children = (
				074FF5B3182FC1E100E032D0 /* SDWebImage */,
				26A15DF71828AB0700A8B098 /* Ekitsui */,
				26A15E191828AB0700A8B098 /* EkitsuiTests */,
				26A15DF01828AB0700A8B098 /* Frameworks */,
				26A15DEF1828AB0700A8B098 /* Products */,
			);
			sourceTree = "<group>";
		};
		26A15DEF1828AB0700A8B098 /* Products */ = {
			isa = PBXGroup;
			children = (
				26A15DEE1828AB0700A8B098 /* EKITSUI.app */,
				26A15E121828AB0700A8B098 /* EkitsuiTests.xctest */,
			);
			name = Products;
			sourceTree = "<group>";
		};
		26A15DF01828AB0700A8B098 /* Frameworks */ = {
			isa = PBXGroup;
			children = (
				074FF5AD182FB93400E032D0 /* ImageIO.framework */,
				07041D83182A9F5800DFCB64 /* MapKit.framework */,
				07041D81182A9F4C00DFCB64 /* CoreLocation.framework */,
				26A15E2B1828BDCC00A8B098 /* Accounts.framework */,
				26A15E291828AB9E00A8B098 /* Social.framework */,
				26A15DF11828AB0700A8B098 /* Foundation.framework */,
				26A15DF31828AB0700A8B098 /* CoreGraphics.framework */,
				26A15DF51828AB0700A8B098 /* UIKit.framework */,
				26A15E131828AB0700A8B098 /* XCTest.framework */,
			);
			name = Frameworks;
			sourceTree = "<group>";
		};
		26A15DF71828AB0700A8B098 /* Ekitsui */ = {
			isa = PBXGroup;
			children = (
				074FF5DF182FCA5500E032D0 /* Define.h */,
				26A15E031828AB0700A8B098 /* Main.storyboard */,
				26A15E001828AB0700A8B098 /* AppDelegate.h */,
				26A15E011828AB0700A8B098 /* AppDelegate.m */,
				26A15E061828AB0700A8B098 /* FirstViewController.h */,
				26A15E071828AB0700A8B098 /* FirstViewController.m */,
				26A15E091828AB0700A8B098 /* SecondViewController.h */,
				26A15E0A1828AB0700A8B098 /* SecondViewController.m */,
				26A15E0C1828AB0700A8B098 /* Images.xcassets */,
				26A15E2D1828D81000A8B098 /* TwitterViewController.h */,
				26A15E2E1828D81000A8B098 /* TwitterViewController.m */,
				07F87954182BE1BC00307148 /* MapViewController.h */,
				07F87955182BE1BC00307148 /* MapViewController.m */,
				267F9EDD182CD57C00A4AF38 /* CustomAnnotation.h */,
				267F9EDE182CD57C00A4AF38 /* CustomAnnotation.m */,
				267F9EE0182CF19A00A4AF38 /* StationViewController.h */,
				267F9EE1182CF19A00A4AF38 /* StationViewController.m */,
				074FF5E0182FD05700E032D0 /* HistoryViewController.h */,
				074FF5E1182FD05700E032D0 /* HistoryViewController.m */,
				26A15DF81828AB0700A8B098 /* Supporting Files */,
			);
			path = Ekitsui;
			sourceTree = "<group>";
		};
		26A15DF81828AB0700A8B098 /* Supporting Files */ = {
			isa = PBXGroup;
			children = (
				26996F0B199DF6ED0069C94F /* Station.plist */,
				076D2D5018351F1900271DDC /* settings-02-icon_32x32px.png */,
				076D2D4C18351CBB00271DDC /* search-icon_32x32px.png */,
				076D2D4E18351D6F00271DDC /* database-icon_32x32px.png */,
				076D2D4A18351C8C00271DDC /* map-icon_32x32px.png */,
				074FF5AF182FBDE900E032D0 /* placeholder.gif */,
				26A15DF91828AB0700A8B098 /* Ekitsui-Info.plist */,
				26A15DFA1828AB0700A8B098 /* InfoPlist.strings */,
				26A15DFD1828AB0700A8B098 /* main.m */,
				26A15DFF1828AB0700A8B098 /* Ekitsui-Prefix.pch */,
			);
			name = "Supporting Files";
			sourceTree = "<group>";
		};
		26A15E191828AB0700A8B098 /* EkitsuiTests */ = {
			isa = PBXGroup;
			children = (
				26A15E1F1828AB0700A8B098 /* EkitsuiTests.m */,
				26A15E1A1828AB0700A8B098 /* Supporting Files */,
			);
			path = EkitsuiTests;
			sourceTree = "<group>";
		};
		26A15E1A1828AB0700A8B098 /* Supporting Files */ = {
			isa = PBXGroup;
			children = (
				26A15E1B1828AB0700A8B098 /* EkitsuiTests-Info.plist */,
				26A15E1C1828AB0700A8B098 /* InfoPlist.strings */,
			);
			name = "Supporting Files";
			sourceTree = "<group>";
		};
/* End PBXGroup section */

/* Begin PBXNativeTarget section */
		26A15DED1828AB0700A8B098 /* Ekitsui */ = {
			isa = PBXNativeTarget;
			buildConfigurationList = 26A15E231828AB0700A8B098 /* Build configuration list for PBXNativeTarget "Ekitsui" */;
			buildPhases = (
				26A15DEA1828AB0700A8B098 /* Sources */,
				26A15DEB1828AB0700A8B098 /* Frameworks */,
				26A15DEC1828AB0700A8B098 /* Resources */,
			);
			buildRules = (
			);
			dependencies = (
			);
			name = Ekitsui;
			productName = TestTwitter;
			productReference = 26A15DEE1828AB0700A8B098 /* EKITSUI.app */;
			productType = "com.apple.product-type.application";
		};
		26A15E111828AB0700A8B098 /* EkitsuiTests */ = {
			isa = PBXNativeTarget;
			buildConfigurationList = 26A15E261828AB0700A8B098 /* Build configuration list for PBXNativeTarget "EkitsuiTests" */;
			buildPhases = (
				26A15E0E1828AB0700A8B098 /* Sources */,
				26A15E0F1828AB0700A8B098 /* Frameworks */,
				26A15E101828AB0700A8B098 /* Resources */,
			);
			buildRules = (
			);
			dependencies = (
				26A15E181828AB0700A8B098 /* PBXTargetDependency */,
			);
			name = EkitsuiTests;
			productName = TestTwitterTests;
			productReference = 26A15E121828AB0700A8B098 /* EkitsuiTests.xctest */;
			productType = "com.apple.product-type.bundle.unit-test";
		};
/* End PBXNativeTarget section */

/* Begin PBXProject section */
		26A15DE61828AB0700A8B098 /* Project object */ = {
			isa = PBXProject;
			attributes = {
				LastUpgradeCheck = 0510;
				ORGANIZATIONNAME = "セラフ";
				TargetAttributes = {
					26A15DED1828AB0700A8B098 = {
						DevelopmentTeam = 23HGCW7W89;
						SystemCapabilities = {
							com.apple.iOS = {
								enabled = 0;
							};
						};
					};
					26A15E111828AB0700A8B098 = {
						TestTargetID = 26A15DED1828AB0700A8B098;
					};
				};
			};
			buildConfigurationList = 26A15DE91828AB0700A8B098 /* Build configuration list for PBXProject "Ekitsui" */;
			compatibilityVersion = "Xcode 3.2";
			developmentRegion = English;
			hasScannedForEncodings = 0;
			knownRegions = (
				en,
				Base,
			);
			mainGroup = 26A15DE51828AB0700A8B098;
			productRefGroup = 26A15DEF1828AB0700A8B098 /* Products */;
			projectDirPath = "";
			projectRoot = "";
			targets = (
				26A15DED1828AB0700A8B098 /* Ekitsui */,
				26A15E111828AB0700A8B098 /* EkitsuiTests */,
			);
		};
/* End PBXProject section */

/* Begin PBXResourcesBuildPhase section */
		26A15DEC1828AB0700A8B098 /* Resources */ = {
			isa = PBXResourcesBuildPhase;
			buildActionMask = 2147483647;
			files = (
				26996F3D199DF9CB0069C94F /* Main.storyboard in Resources */,
				074FF5B0182FBDE900E032D0 /* placeholder.gif in Resources */,
				076D2D5118351F1900271DDC /* settings-02-icon_32x32px.png in Resources */,
				076D2D4B18351C8C00271DDC /* map-icon_32x32px.png in Resources */,
				26996F0C199DF6ED0069C94F /* Station.plist in Resources */,
				26A15E0D1828AB0700A8B098 /* Images.xcassets in Resources */,
				076D2D4F18351D6F00271DDC /* database-icon_32x32px.png in Resources */,
				26A15DFC1828AB0700A8B098 /* InfoPlist.strings in Resources */,
				076D2D4D18351CBB00271DDC /* search-icon_32x32px.png in Resources */,
			);
			runOnlyForDeploymentPostprocessing = 0;
		};
		26A15E101828AB0700A8B098 /* Resources */ = {
			isa = PBXResourcesBuildPhase;
			buildActionMask = 2147483647;
			files = (
				26A15E1E1828AB0700A8B098 /* InfoPlist.strings in Resources */,
			);
			runOnlyForDeploymentPostprocessing = 0;
		};
/* End PBXResourcesBuildPhase section */

/* Begin PBXSourcesBuildPhase section */
		26A15DEA1828AB0700A8B098 /* Sources */ = {
			isa = PBXSourcesBuildPhase;
			buildActionMask = 2147483647;
			files = (
				074FF5E2182FD05700E032D0 /* HistoryViewController.m in Sources */,
				074FF5DE182FC1E100E032D0 /* UIImageView+WebCache.m in Sources */,
				074FF5D5182FC1E100E032D0 /* SDWebImageDecoder.m in Sources */,
				074FF5D8182FC1E100E032D0 /* SDWebImageManager.m in Sources */,
				0725E31519A255CE00BA0185 /* UIView+WebCacheOperation.m in Sources */,
				26A15E0B1828AB0700A8B098 /* SecondViewController.m in Sources */,
				074FF5D4182FC1E100E032D0 /* SDWebImageCompat.m in Sources */,
				074FF5DD182FC1E100E032D0 /* UIImage+WebP.m in Sources */,
				26A15E021828AB0700A8B098 /* AppDelegate.m in Sources */,
				26A15E081828AB0700A8B098 /* FirstViewController.m in Sources */,
				267F9EE2182CF19A00A4AF38 /* StationViewController.m in Sources */,
				074FF5DA182FC1E100E032D0 /* UIButton+WebCache.m in Sources */,
				074FF5D9182FC1E100E032D0 /* SDWebImagePrefetcher.m in Sources */,
				074FF5D7182FC1E100E032D0 /* SDWebImageDownloaderOperation.m in Sources */,
				07F87956182BE1BC00307148 /* MapViewController.m in Sources */,
				074FF5D2182FC1E100E032D0 /* NSData+GIF.m in Sources */,
				0792D81019A4EBCE0052D326 /* NSData+ImageContentType.m in Sources */,
				074FF5DC182FC1E100E032D0 /* UIImage+MultiFormat.m in Sources */,
				26A15DFE1828AB0700A8B098 /* main.m in Sources */,
				0725E31819A2562400BA0185 /* UIImageView+HighlightedWebCache.m in Sources */,
				074FF5D3182FC1E100E032D0 /* SDImageCache.m in Sources */,
				267F9EDF182CD57C00A4AF38 /* CustomAnnotation.m in Sources */,
				26A15E2F1828D81000A8B098 /* TwitterViewController.m in Sources */,
				074FF5DB182FC1E100E032D0 /* UIImage+GIF.m in Sources */,
				074FF5D6182FC1E100E032D0 /* SDWebImageDownloader.m in Sources */,
				074FF5D1182FC1E100E032D0 /* MKAnnotationView+WebCache.m in Sources */,
			);
			runOnlyForDeploymentPostprocessing = 0;
		};
		26A15E0E1828AB0700A8B098 /* Sources */ = {
			isa = PBXSourcesBuildPhase;
			buildActionMask = 2147483647;
			files = (
				26A15E201828AB0700A8B098 /* EkitsuiTests.m in Sources */,
			);
			runOnlyForDeploymentPostprocessing = 0;
		};
/* End PBXSourcesBuildPhase section */

/* Begin PBXTargetDependency section */
		26A15E181828AB0700A8B098 /* PBXTargetDependency */ = {
			isa = PBXTargetDependency;
			target = 26A15DED1828AB0700A8B098 /* Ekitsui */;
			targetProxy = 26A15E171828AB0700A8B098 /* PBXContainerItemProxy */;
		};
/* End PBXTargetDependency section */

/* Begin PBXVariantGroup section */
		26A15DFA1828AB0700A8B098 /* InfoPlist.strings */ = {
			isa = PBXVariantGroup;
			children = (
				26A15DFB1828AB0700A8B098 /* en */,
				26996F3E199DF9FC0069C94F /* Base */,
			);
			name = InfoPlist.strings;
			sourceTree = "<group>";
		};
		26A15E031828AB0700A8B098 /* Main.storyboard */ = {
			isa = PBXVariantGroup;
			children = (
				26A15E041828AB0700A8B098 /* Base */,
			);
			name = Main.storyboard;
			sourceTree = "<group>";
		};
		26A15E1C1828AB0700A8B098 /* InfoPlist.strings */ = {
			isa = PBXVariantGroup;
			children = (
				26A15E1D1828AB0700A8B098 /* en */,
			);
			name = InfoPlist.strings;
			sourceTree = "<group>";
		};
/* End PBXVariantGroup section */

/* Begin XCBuildConfiguration section */
		26A15E211828AB0700A8B098 /* Debug */ = {
			isa = XCBuildConfiguration;
			buildSettings = {
				ALWAYS_SEARCH_USER_PATHS = NO;
				CLANG_CXX_LANGUAGE_STANDARD = "gnu++0x";
				CLANG_CXX_LIBRARY = "libc++";
				CLANG_ENABLE_MODULES = YES;
				CLANG_ENABLE_OBJC_ARC = YES;
				CLANG_WARN_BOOL_CONVERSION = YES;
				CLANG_WARN_CONSTANT_CONVERSION = YES;
				CLANG_WARN_DIRECT_OBJC_ISA_USAGE = YES_ERROR;
				CLANG_WARN_EMPTY_BODY = YES;
				CLANG_WARN_ENUM_CONVERSION = YES;
				CLANG_WARN_INT_CONVERSION = YES;
				CLANG_WARN_OBJC_ROOT_CLASS = YES_ERROR;
				CLANG_WARN__DUPLICATE_METHOD_MATCH = YES;
				"CODE_SIGN_IDENTITY[sdk=iphoneos*]" = "iPhone Developer";
				COPY_PHASE_STRIP = NO;
				FRAMEWORK_SEARCH_PATHS = "";
				GCC_C_LANGUAGE_STANDARD = gnu99;
				GCC_DYNAMIC_NO_PIC = NO;
				GCC_OPTIMIZATION_LEVEL = 0;
				GCC_PRECOMPILE_PREFIX_HEADER = YES;
				GCC_PREFIX_HEADER = "Ekitsui/Ekitsui-Prefix.pch";
				GCC_PREPROCESSOR_DEFINITIONS = (
					"DEBUG=1",
					"$(inherited)",
				);
				GCC_SYMBOLS_PRIVATE_EXTERN = NO;
				GCC_WARN_64_TO_32_BIT_CONVERSION = YES;
				GCC_WARN_ABOUT_RETURN_TYPE = YES_ERROR;
				GCC_WARN_UNDECLARED_SELECTOR = YES;
				GCC_WARN_UNINITIALIZED_AUTOS = YES;
				GCC_WARN_UNUSED_FUNCTION = YES;
				GCC_WARN_UNUSED_VARIABLE = YES;
				INFOPLIST_FILE = "";
				IPHONEOS_DEPLOYMENT_TARGET = 7.0;
				ONLY_ACTIVE_ARCH = YES;
				PRODUCT_NAME = "";
				SDKROOT = iphoneos;
			};
			name = Debug;
		};
		26A15E221828AB0700A8B098 /* Release */ = {
			isa = XCBuildConfiguration;
			buildSettings = {
				ALWAYS_SEARCH_USER_PATHS = NO;
				CLANG_CXX_LANGUAGE_STANDARD = "gnu++0x";
				CLANG_CXX_LIBRARY = "libc++";
				CLANG_ENABLE_MODULES = YES;
				CLANG_ENABLE_OBJC_ARC = YES;
				CLANG_WARN_BOOL_CONVERSION = YES;
				CLANG_WARN_CONSTANT_CONVERSION = YES;
				CLANG_WARN_DIRECT_OBJC_ISA_USAGE = YES_ERROR;
				CLANG_WARN_EMPTY_BODY = YES;
				CLANG_WARN_ENUM_CONVERSION = YES;
				CLANG_WARN_INT_CONVERSION = YES;
				CLANG_WARN_OBJC_ROOT_CLASS = YES_ERROR;
				CLANG_WARN__DUPLICATE_METHOD_MATCH = YES;
				"CODE_SIGN_IDENTITY[sdk=iphoneos*]" = "iPhone Developer";
				COPY_PHASE_STRIP = YES;
				ENABLE_NS_ASSERTIONS = NO;
				FRAMEWORK_SEARCH_PATHS = "";
				GCC_C_LANGUAGE_STANDARD = gnu99;
				GCC_PRECOMPILE_PREFIX_HEADER = YES;
				GCC_PREFIX_HEADER = "Ekitsui/Ekitsui-Prefix.pch";
				GCC_WARN_64_TO_32_BIT_CONVERSION = YES;
				GCC_WARN_ABOUT_RETURN_TYPE = YES_ERROR;
				GCC_WARN_UNDECLARED_SELECTOR = YES;
				GCC_WARN_UNINITIALIZED_AUTOS = YES;
				GCC_WARN_UNUSED_FUNCTION = YES;
				GCC_WARN_UNUSED_VARIABLE = YES;
				INFOPLIST_FILE = "";
				IPHONEOS_DEPLOYMENT_TARGET = 7.0;
				PRODUCT_NAME = "";
				SDKROOT = iphoneos;
				VALIDATE_PRODUCT = YES;
			};
			name = Release;
		};
		26A15E241828AB0700A8B098 /* Debug */ = {
			isa = XCBuildConfiguration;
			buildSettings = {
				ASSETCATALOG_COMPILER_APPICON_NAME = AppIcon;
				ASSETCATALOG_COMPILER_LAUNCHIMAGE_NAME = LaunchImage;
				CODE_SIGN_IDENTITY = "iPhone Developer";
				"CODE_SIGN_IDENTITY[sdk=iphoneos*]" = "iPhone Developer";
				FRAMEWORK_SEARCH_PATHS = "$(inherited)";
				GCC_PRECOMPILE_PREFIX_HEADER = YES;
				GCC_PREFIX_HEADER = "Ekitsui/Ekitsui-Prefix.pch";
				INFOPLIST_FILE = "$(SRCROOT)/Ekitsui/Ekitsui-Info.plist";
				IPHONEOS_DEPLOYMENT_TARGET = 7.0;
				OTHER_LDFLAGS = "-ObjC";
				PRODUCT_NAME = EKITSUI;
				PROVISIONING_PROFILE = "";
				TARGETED_DEVICE_FAMILY = 1;
				WRAPPER_EXTENSION = app;
			};
			name = Debug;
		};
		26A15E251828AB0700A8B098 /* Release */ = {
			isa = XCBuildConfiguration;
			buildSettings = {
				ASSETCATALOG_COMPILER_APPICON_NAME = AppIcon;
				ASSETCATALOG_COMPILER_LAUNCHIMAGE_NAME = LaunchImage;
				CODE_SIGN_IDENTITY = "iPhone Developer";
				"CODE_SIGN_IDENTITY[sdk=iphoneos*]" = "iPhone Developer";
				FRAMEWORK_SEARCH_PATHS = "$(inherited)";
				GCC_PRECOMPILE_PREFIX_HEADER = YES;
				GCC_PREFIX_HEADER = "Ekitsui/Ekitsui-Prefix.pch";
				INFOPLIST_FILE = "$(SRCROOT)/Ekitsui/Ekitsui-Info.plist";
				IPHONEOS_DEPLOYMENT_TARGET = 7.0;
				OTHER_LDFLAGS = "-ObjC";
				PRODUCT_NAME = EKITSUI;
				PROVISIONING_PROFILE = "";
				TARGETED_DEVICE_FAMILY = 1;
				WRAPPER_EXTENSION = app;
			};
			name = Release;
		};
		26A15E271828AB0700A8B098 /* Debug */ = {
			isa = XCBuildConfiguration;
			buildSettings = {
				BUNDLE_LOADER = "$(BUILT_PRODUCTS_DIR)/TestTwitter.app/TestTwitter";
				FRAMEWORK_SEARCH_PATHS = (
					"$(SDKROOT)/Developer/Library/Frameworks",
					"$(inherited)",
					"$(DEVELOPER_FRAMEWORKS_DIR)",
				);
				GCC_PRECOMPILE_PREFIX_HEADER = YES;
				GCC_PREFIX_HEADER = "TestTwitter/TestTwitter-Prefix.pch";
				GCC_PREPROCESSOR_DEFINITIONS = (
					"DEBUG=1",
					"$(inherited)",
				);
				INFOPLIST_FILE = "TestTwitterTests/EkitsuiTests-Info.plist";
				PRODUCT_NAME = EkitsuiTests;
				TEST_HOST = "$(BUNDLE_LOADER)";
				WRAPPER_EXTENSION = xctest;
			};
			name = Debug;
		};
		26A15E281828AB0700A8B098 /* Release */ = {
			isa = XCBuildConfiguration;
			buildSettings = {
				BUNDLE_LOADER = "$(BUILT_PRODUCTS_DIR)/TestTwitter.app/TestTwitter";
				FRAMEWORK_SEARCH_PATHS = (
					"$(SDKROOT)/Developer/Library/Frameworks",
					"$(inherited)",
					"$(DEVELOPER_FRAMEWORKS_DIR)",
				);
				GCC_PRECOMPILE_PREFIX_HEADER = YES;
				GCC_PREFIX_HEADER = "TestTwitter/TestTwitter-Prefix.pch";
				INFOPLIST_FILE = "TestTwitterTests/EkitsuiTests-Info.plist";
				PRODUCT_NAME = EkitsuiTests;
				TEST_HOST = "$(BUNDLE_LOADER)";
				WRAPPER_EXTENSION = xctest;
			};
			name = Release;
		};
/* End XCBuildConfiguration section */

/* Begin XCConfigurationList section */
		26A15DE91828AB0700A8B098 /* Build configuration list for PBXProject "Ekitsui" */ = {
			isa = XCConfigurationList;
			buildConfigurations = (
				26A15E211828AB0700A8B098 /* Debug */,
				26A15E221828AB0700A8B098 /* Release */,
			);
			defaultConfigurationIsVisible = 0;
			defaultConfigurationName = Release;
		};
		26A15E231828AB0700A8B098 /* Build configuration list for PBXNativeTarget "Ekitsui" */ = {
			isa = XCConfigurationList;
			buildConfigurations = (
				26A15E241828AB0700A8B098 /* Debug */,
				26A15E251828AB0700A8B098 /* Release */,
			);
			defaultConfigurationIsVisible = 0;
			defaultConfigurationName = Release;
		};
		26A15E261828AB0700A8B098 /* Build configuration list for PBXNativeTarget "EkitsuiTests" */ = {
			isa = XCConfigurationList;
			buildConfigurations = (
				26A15E271828AB0700A8B098 /* Debug */,
				26A15E281828AB0700A8B098 /* Release */,
			);
			defaultConfigurationIsVisible = 0;
			defaultConfigurationName = Release;
		};
/* End XCConfigurationList section */
	};
	rootObject = 26A15DE61828AB0700A8B098 /* Project object */;
}
